
Microsoft Visual Studio Solution File, Format Version 12.00
# Visual Studio Version 16
VisualStudioVersion = 16.0.31613.86
MinimumVisualStudioVersion = 10.0.40219.1
Project("{9A19103F-16F7-4668-BE54-9A1E7A4F7556}") = "HonorAmongThieves", "HonorAmongThieves\HonorAmongThieves.csproj", "{C651769E-2D3B-4B11-9C23-1E45EBE2A50C}"
EndProject
Project("{9A19103F-16F7-4668-BE54-9A1E7A4F7556}") = "Common", "Common\Common.csproj", "{63AA993B-3BCD-4117-9476-90E9E768778F}"
EndProject
Project("{FAE04EC0-301F-11D3-BF4B-00C04F79EFBC}") = "Cakery", "Cakery\Cakery.csproj", "{1BF3DE1A-6F77-445A-95D4-70D9C51B365B}"
EndProject
Project("{FAE04EC0-301F-11D3-BF4B-00C04F79EFBC}") = "Heist", "Heist\Heist.csproj", "{3F454723-2E8C-4953-9460-7A51F0F9355B}"
EndProject
Project("{FAE04EC0-301F-11D3-BF4B-00C04F79EFBC}") = "Necronomnomnom", "Necronomnomnom\Necronomnomnom.csproj", "{C3B71B7B-0F03-4F8F-8E98-F645034BDF5A}"
EndProject
Global
	GlobalSection(SolutionConfigurationPlatforms) = preSolution
		Debug|Any CPU = Debug|Any CPU
		Release|Any CPU = Release|Any CPU
	EndGlobalSection
	GlobalSection(ProjectConfigurationPlatforms) = postSolution
		{C651769E-2D3B-4B11-9C23-1E45EBE2A50C}.Debug|Any CPU.ActiveCfg = Debug|Any CPU
		{C651769E-2D3B-4B11-9C23-1E45EBE2A50C}.Debug|Any CPU.Build.0 = Debug|Any CPU
		{C651769E-2D3B-4B11-9C23-1E45EBE2A50C}.Release|Any CPU.ActiveCfg = Release|Any CPU
		{C651769E-2D3B-4B11-9C23-1E45EBE2A50C}.Release|Any CPU.Build.0 = Release|Any CPU
		{63AA993B-3BCD-4117-9476-90E9E768778F}.Debug|Any CPU.ActiveCfg = Debug|Any CPU
		{63AA993B-3BCD-4117-9476-90E9E768778F}.Debug|Any CPU.Build.0 = Debug|Any CPU
		{63AA993B-3BCD-4117-9476-90E9E768778F}.Release|Any CPU.ActiveCfg = Release|Any CPU
		{63AA993B-3BCD-4117-9476-90E9E768778F}.Release|Any CPU.Build.0 = Release|Any CPU
		{1BF3DE1A-6F77-445A-95D4-70D9C51B365B}.Debug|Any CPU.ActiveCfg = Debug|Any CPU
		{1BF3DE1A-6F77-445A-95D4-70D9C51B365B}.Debug|Any CPU.Build.0 = Debug|Any CPU
		{1BF3DE1A-6F77-445A-95D4-70D9C51B365B}.Release|Any CPU.ActiveCfg = Release|Any CPU
		{1BF3DE1A-6F77-445A-95D4-70D9C51B365B}.Release|Any CPU.Build.0 = Release|Any CPU
		{3F454723-2E8C-4953-9460-7A51F0F9355B}.Debug|Any CPU.ActiveCfg = Debug|Any CPU
		{3F454723-2E8C-4953-9460-7A51F0F9355B}.Debug|Any CPU.Build.0 = Debug|Any CPU
		{3F454723-2E8C-4953-9460-7A51F0F9355B}.Release|Any CPU.ActiveCfg = Release|Any CPU
		{3F454723-2E8C-4953-9460-7A51F0F9355B}.Release|Any CPU.Build.0 = Release|Any CPU
		{C3B71B7B-0F03-4F8F-8E98-F645034BDF5A}.Debug|Any CPU.ActiveCfg = Debug|Any CPU
		{C3B71B7B-0F03-4F8F-8E98-F645034BDF5A}.Debug|Any CPU.Build.0 = Debug|Any CPU
		{C3B71B7B-0F03-4F8F-8E98-F645034BDF5A}.Release|Any CPU.ActiveCfg = Release|Any CPU
		{C3B71B7B-0F03-4F8F-8E98-F645034BDF5A}.Release|Any CPU.Build.0 = Release|Any CPU
	EndGlobalSection
	GlobalSection(SolutionProperties) = preSolution
		HideSolutionNode = FALSE
	EndGlobalSection
	GlobalSection(ExtensibilityGlobals) = postSolution
		SolutionGuid = {E12B6656-57AF-41F9-A1C9-669B3C1C110B}
	EndGlobalSection
EndGlobal
